// !$*UTF8*$!
{
	archiveVersion = 1;
	classes = {
	};
	objectVersion = 55;
	objects = {

/* Begin PBXBuildFile section */
		83BE0B8D2704A00D00366146 /* AppDelegate.swift in Sources */ = {isa = PBXBuildFile; fileRef = 83BE0B8C2704A00D00366146 /* AppDelegate.swift */; };
		83BE0B8F2704A00D00366146 /* SceneDelegate.swift in Sources */ = {isa = PBXBuildFile; fileRef = 83BE0B8E2704A00D00366146 /* SceneDelegate.swift */; };
		83BE0B912704A00D00366146 /* ViewController.swift in Sources */ = {isa = PBXBuildFile; fileRef = 83BE0B902704A00D00366146 /* ViewController.swift */; };
		83BE0B942704A00D00366146 /* Main.storyboard in Resources */ = {isa = PBXBuildFile; fileRef = 83BE0B922704A00D00366146 /* Main.storyboard */; };
		83BE0B962704A01000366146 /* Assets.xcassets in Resources */ = {isa = PBXBuildFile; fileRef = 83BE0B952704A01000366146 /* Assets.xcassets */; };
		83BE0B992704A01000366146 /* LaunchScreen.storyboard in Resources */ = {isa = PBXBuildFile; fileRef = 83BE0B972704A01000366146 /* LaunchScreen.storyboard */; };
		83BE0BA32704A04100366146 /* ActionButton.swift in Sources */ = {isa = PBXBuildFile; fileRef = 83BE0BA22704A04100366146 /* ActionButton.swift */; };
		83BE0BA52705982900366146 /* GenericButtonView.swift in Sources */ = {isa = PBXBuildFile; fileRef = 83BE0BA42705982900366146 /* GenericButtonView.swift */; };
		83BE0BA72705984200366146 /* MainButtonView.swift in Sources */ = {isa = PBXBuildFile; fileRef = 83BE0BA62705984200366146 /* MainButtonView.swift */; };
		83BE0BA92705992B00366146 /* ActionButtonData.swift in Sources */ = {isa = PBXBuildFile; fileRef = 83BE0BA82705992B00366146 /* ActionButtonData.swift */; };
		83BE0BAB27059A2F00366146 /* GenericProtocol.swift in Sources */ = {isa = PBXBuildFile; fileRef = 83BE0BAA27059A2F00366146 /* GenericProtocol.swift */; };
		83BE0BB12705C03700366146 /* UIButton+Extension.swift in Sources */ = {isa = PBXBuildFile; fileRef = 83BE0BB02705C03700366146 /* UIButton+Extension.swift */; };
		83BE0BBE2705CA8F00366146 /* PermissionViewData.swift in Sources */ = {isa = PBXBuildFile; fileRef = 83BE0BBD2705CA8F00366146 /* PermissionViewData.swift */; };
		83BE0BC02705CC9E00366146 /* PermissionViewController.swift in Sources */ = {isa = PBXBuildFile; fileRef = 83BE0BBF2705CC9E00366146 /* PermissionViewController.swift */; };
		83BE0BC62705CF8500366146 /* ActionButtonModule.swift in Sources */ = {isa = PBXBuildFile; fileRef = 83BE0BC52705CF8500366146 /* ActionButtonModule.swift */; };
		83BE0BC82705CF8D00366146 /* PermissionViewModule.swift in Sources */ = {isa = PBXBuildFile; fileRef = 83BE0BC72705CF8D00366146 /* PermissionViewModule.swift */; };
		83BE0BCB2705CFA200366146 /* ActionButtonModuleData.swift in Sources */ = {isa = PBXBuildFile; fileRef = 83BE0BCA2705CFA200366146 /* ActionButtonModuleData.swift */; };
		83BE0BCD2705D01900366146 /* GenericBaseView.swift in Sources */ = {isa = PBXBuildFile; fileRef = 83BE0BCC2705D01900366146 /* GenericBaseView.swift */; };
		83BE0BCF2705D03800366146 /* BaseView.swift in Sources */ = {isa = PBXBuildFile; fileRef = 83BE0BCE2705D03800366146 /* BaseView.swift */; };
		83BE0BD42705D23F00366146 /* PermissionView.swift in Sources */ = {isa = PBXBuildFile; fileRef = 83BE0BD32705D23F00366146 /* PermissionView.swift */; };
/* End PBXBuildFile section */

/* Begin PBXFileReference section */
		83BE0B892704A00D00366146 /* permissionProjectLast.app */ = {isa = PBXFileReference; explicitFileType = wrapper.application; includeInIndex = 0; path = permissionProjectLast.app; sourceTree = BUILT_PRODUCTS_DIR; };
		83BE0B8C2704A00D00366146 /* AppDelegate.swift */ = {isa = PBXFileReference; lastKnownFileType = sourcecode.swift; path = AppDelegate.swift; sourceTree = "<group>"; };
		83BE0B8E2704A00D00366146 /* SceneDelegate.swift */ = {isa = PBXFileReference; lastKnownFileType = sourcecode.swift; path = SceneDelegate.swift; sourceTree = "<group>"; };
		83BE0B902704A00D00366146 /* ViewController.swift */ = {isa = PBXFileReference; lastKnownFileType = sourcecode.swift; path = ViewController.swift; sourceTree = "<group>"; };
		83BE0B932704A00D00366146 /* Base */ = {isa = PBXFileReference; lastKnownFileType = file.storyboard; name = Base; path = Base.lproj/Main.storyboard; sourceTree = "<group>"; };
		83BE0B952704A01000366146 /* Assets.xcassets */ = {isa = PBXFileReference; lastKnownFileType = folder.assetcatalog; path = Assets.xcassets; sourceTree = "<group>"; };
		83BE0B982704A01000366146 /* Base */ = {isa = PBXFileReference; lastKnownFileType = file.storyboard; name = Base; path = Base.lproj/LaunchScreen.storyboard; sourceTree = "<group>"; };
		83BE0B9A2704A01000366146 /* Info.plist */ = {isa = PBXFileReference; lastKnownFileType = text.plist.xml; path = Info.plist; sourceTree = "<group>"; };
		83BE0BA22704A04100366146 /* ActionButton.swift */ = {isa = PBXFileReference; lastKnownFileType = sourcecode.swift; path = ActionButton.swift; sourceTree = "<group>"; };
		83BE0BA42705982900366146 /* GenericButtonView.swift */ = {isa = PBXFileReference; lastKnownFileType = sourcecode.swift; path = GenericButtonView.swift; sourceTree = "<group>"; };
		83BE0BA62705984200366146 /* MainButtonView.swift */ = {isa = PBXFileReference; lastKnownFileType = sourcecode.swift; path = MainButtonView.swift; sourceTree = "<group>"; };
		83BE0BA82705992B00366146 /* ActionButtonData.swift */ = {isa = PBXFileReference; lastKnownFileType = sourcecode.swift; path = ActionButtonData.swift; sourceTree = "<group>"; };
		83BE0BAA27059A2F00366146 /* GenericProtocol.swift */ = {isa = PBXFileReference; lastKnownFileType = sourcecode.swift; path = GenericProtocol.swift; sourceTree = "<group>"; };
		83BE0BB02705C03700366146 /* UIButton+Extension.swift */ = {isa = PBXFileReference; lastKnownFileType = sourcecode.swift; path = "UIButton+Extension.swift"; sourceTree = "<group>"; };
		83BE0BBD2705CA8F00366146 /* PermissionViewData.swift */ = {isa = PBXFileReference; lastKnownFileType = sourcecode.swift; path = PermissionViewData.swift; sourceTree = "<group>"; };
		83BE0BBF2705CC9E00366146 /* PermissionViewController.swift */ = {isa = PBXFileReference; lastKnownFileType = sourcecode.swift; path = PermissionViewController.swift; sourceTree = "<group>"; };
		83BE0BC52705CF8500366146 /* ActionButtonModule.swift */ = {isa = PBXFileReference; lastKnownFileType = sourcecode.swift; path = ActionButtonModule.swift; sourceTree = "<group>"; };
		83BE0BC72705CF8D00366146 /* PermissionViewModule.swift */ = {isa = PBXFileReference; lastKnownFileType = sourcecode.swift; path = PermissionViewModule.swift; sourceTree = "<group>"; };
		83BE0BCA2705CFA200366146 /* ActionButtonModuleData.swift */ = {isa = PBXFileReference; lastKnownFileType = sourcecode.swift; path = ActionButtonModuleData.swift; sourceTree = "<group>"; };
		83BE0BCC2705D01900366146 /* GenericBaseView.swift */ = {isa = PBXFileReference; lastKnownFileType = sourcecode.swift; path = GenericBaseView.swift; sourceTree = "<group>"; };
		83BE0BCE2705D03800366146 /* BaseView.swift */ = {isa = PBXFileReference; lastKnownFileType = sourcecode.swift; path = BaseView.swift; sourceTree = "<group>"; };
		83BE0BD32705D23F00366146 /* PermissionView.swift */ = {isa = PBXFileReference; lastKnownFileType = sourcecode.swift; path = PermissionView.swift; sourceTree = "<group>"; };
/* End PBXFileReference section */

/* Begin PBXFrameworksBuildPhase section */
		83BE0B862704A00D00366146 /* Frameworks */ = {
			isa = PBXFrameworksBuildPhase;
			buildActionMask = 2147483647;
			files = (
			);
			runOnlyForDeploymentPostprocessing = 0;
		};
/* End PBXFrameworksBuildPhase section */

/* Begin PBXGroup section */
		83BE0B802704A00D00366146 = {
			isa = PBXGroup;
			children = (
				83BE0BC42705CF5300366146 /* Modules */,
				83BE0BAC27059A6700366146 /* Utils */,
				83BE0BAF2705C02900366146 /* Extensions */,
				83BE0BC12705CCCC00366146 /* Generics */,
				83BE0BBA2705CA7200366146 /* Datas */,
				83BE0BB22705CA0400366146 /* ViewControllers */,
				83BE0BAE27059A7E00366146 /* BaseViews */,
				83BE0BAD27059A7400366146 /* Components */,
				83BE0B8B2704A00D00366146 /* permissionProjectLast */,
				83BE0B8A2704A00D00366146 /* Products */,
			);
			sourceTree = "<group>";
		};
		83BE0B8A2704A00D00366146 /* Products */ = {
			isa = PBXGroup;
			children = (
				83BE0B892704A00D00366146 /* permissionProjectLast.app */,
			);
			name = Products;
			sourceTree = "<group>";
		};
		83BE0B8B2704A00D00366146 /* permissionProjectLast */ = {
			isa = PBXGroup;
			children = (
				83BE0B8C2704A00D00366146 /* AppDelegate.swift */,
				83BE0B8E2704A00D00366146 /* SceneDelegate.swift */,
				83BE0B922704A00D00366146 /* Main.storyboard */,
				83BE0B952704A01000366146 /* Assets.xcassets */,
				83BE0B972704A01000366146 /* LaunchScreen.storyboard */,
				83BE0B9A2704A01000366146 /* Info.plist */,
			);
			path = permissionProjectLast;
			sourceTree = "<group>";
		};
		83BE0BA12704A02A00366146 /* ActionButton */ = {
			isa = PBXGroup;
			children = (
				83BE0BA22704A04100366146 /* ActionButton.swift */,
			);
			path = ActionButton;
			sourceTree = "<group>";
		};
		83BE0BAC27059A6700366146 /* Utils */ = {
			isa = PBXGroup;
			children = (
				83BE0BAA27059A2F00366146 /* GenericProtocol.swift */,
			);
			path = Utils;
			sourceTree = "<group>";
		};
		83BE0BAD27059A7400366146 /* Components */ = {
			isa = PBXGroup;
			children = (
				83BE0BD02705D22C00366146 /* PermissionView */,
				83BE0BA12704A02A00366146 /* ActionButton */,
			);
			path = Components;
			sourceTree = "<group>";
		};
		83BE0BAE27059A7E00366146 /* BaseViews */ = {
			isa = PBXGroup;
			children = (
				83BE0BCE2705D03800366146 /* BaseView.swift */,
				83BE0BB62705CA3F00366146 /* ButtonViews */,
			);
			path = BaseViews;
			sourceTree = "<group>";
		};
		83BE0BAF2705C02900366146 /* Extensions */ = {
			isa = PBXGroup;
			children = (
				83BE0BB02705C03700366146 /* UIButton+Extension.swift */,
			);
			path = Extensions;
			sourceTree = "<group>";
		};
		83BE0BB22705CA0400366146 /* ViewControllers */ = {
			isa = PBXGroup;
			children = (
				83BE0B902704A00D00366146 /* ViewController.swift */,
				83BE0BBF2705CC9E00366146 /* PermissionViewController.swift */,
			);
			path = ViewControllers;
			sourceTree = "<group>";
		};
		83BE0BB62705CA3F00366146 /* ButtonViews */ = {
			isa = PBXGroup;
			children = (
				83BE0BA62705984200366146 /* MainButtonView.swift */,
			);
			path = ButtonViews;
			sourceTree = "<group>";
		};
		83BE0BBA2705CA7200366146 /* Datas */ = {
			isa = PBXGroup;
			children = (
				83BE0BC92705CF9700366146 /* ModuleDatas */,
				83BE0BBC2705CA8000366146 /* PermissionViewData */,
				83BE0BBB2705CA7900366146 /* ActionButtonData */,
			);
			path = Datas;
			sourceTree = "<group>";
		};
		83BE0BBB2705CA7900366146 /* ActionButtonData */ = {
			isa = PBXGroup;
			children = (
				83BE0BA82705992B00366146 /* ActionButtonData.swift */,
			);
			path = ActionButtonData;
			sourceTree = "<group>";
		};
		83BE0BBC2705CA8000366146 /* PermissionViewData */ = {
			isa = PBXGroup;
			children = (
				83BE0BBD2705CA8F00366146 /* PermissionViewData.swift */,
			);
			path = PermissionViewData;
			sourceTree = "<group>";
		};
		83BE0BC12705CCCC00366146 /* Generics */ = {
			isa = PBXGroup;
			children = (
				83BE0BC32705CCD900366146 /* Button */,
				83BE0BCC2705D01900366146 /* GenericBaseView.swift */,
			);
			path = Generics;
			sourceTree = "<group>";
		};
		83BE0BC32705CCD900366146 /* Button */ = {
			isa = PBXGroup;
			children = (
				83BE0BA42705982900366146 /* GenericButtonView.swift */,
			);
			path = Button;
			sourceTree = "<group>";
		};
		83BE0BC42705CF5300366146 /* Modules */ = {
			isa = PBXGroup;
			children = (
				83BE0BC52705CF8500366146 /* ActionButtonModule.swift */,
				83BE0BC72705CF8D00366146 /* PermissionViewModule.swift */,
			);
			path = Modules;
			sourceTree = "<group>";
		};
		83BE0BC92705CF9700366146 /* ModuleDatas */ = {
			isa = PBXGroup;
			children = (
				83BE0BCA2705CFA200366146 /* ActionButtonModuleData.swift */,
			);
			path = ModuleDatas;
			sourceTree = "<group>";
		};
		83BE0BD02705D22C00366146 /* PermissionView */ = {
			isa = PBXGroup;
			children = (
				83BE0BD32705D23F00366146 /* PermissionView.swift */,
			);
			path = PermissionView;
			sourceTree = "<group>";
		};
/* End PBXGroup section */

/* Begin PBXNativeTarget section */
		83BE0B882704A00D00366146 /* permissionProjectLast */ = {
			isa = PBXNativeTarget;
			buildConfigurationList = 83BE0B9D2704A01000366146 /* Build configuration list for PBXNativeTarget "permissionProjectLast" */;
			buildPhases = (
				83BE0B852704A00D00366146 /* Sources */,
				83BE0B862704A00D00366146 /* Frameworks */,
				83BE0B872704A00D00366146 /* Resources */,
			);
			buildRules = (
			);
			dependencies = (
			);
			name = permissionProjectLast;
			productName = permissionProjectLast;
			productReference = 83BE0B892704A00D00366146 /* permissionProjectLast.app */;
			productType = "com.apple.product-type.application";
		};
/* End PBXNativeTarget section */

/* Begin PBXProject section */
		83BE0B812704A00D00366146 /* Project object */ = {
			isa = PBXProject;
			attributes = {
				BuildIndependentTargetsInParallel = 1;
				LastSwiftUpdateCheck = 1300;
				LastUpgradeCheck = 1300;
				TargetAttributes = {
					83BE0B882704A00D00366146 = {
						CreatedOnToolsVersion = 13.0;
					};
				};
			};
			buildConfigurationList = 83BE0B842704A00D00366146 /* Build configuration list for PBXProject "permissionProjectLast" */;
			compatibilityVersion = "Xcode 13.0";
			developmentRegion = en;
			hasScannedForEncodings = 0;
			knownRegions = (
				en,
				Base,
			);
			mainGroup = 83BE0B802704A00D00366146;
			productRefGroup = 83BE0B8A2704A00D00366146 /* Products */;
			projectDirPath = "";
			projectRoot = "";
			targets = (
				83BE0B882704A00D00366146 /* permissionProjectLast */,
			);
		};
/* End PBXProject section */

/* Begin PBXResourcesBuildPhase section */
		83BE0B872704A00D00366146 /* Resources */ = {
			isa = PBXResourcesBuildPhase;
			buildActionMask = 2147483647;
			files = (
				83BE0B992704A01000366146 /* LaunchScreen.storyboard in Resources */,
				83BE0B962704A01000366146 /* Assets.xcassets in Resources */,
				83BE0B942704A00D00366146 /* Main.storyboard in Resources */,
			);
			runOnlyForDeploymentPostprocessing = 0;
		};
/* End PBXResourcesBuildPhase section */

/* Begin PBXSourcesBuildPhase section */
		83BE0B852704A00D00366146 /* Sources */ = {
			isa = PBXSourcesBuildPhase;
			buildActionMask = 2147483647;
			files = (
				83BE0BA92705992B00366146 /* ActionButtonData.swift in Sources */,
				83BE0BCB2705CFA200366146 /* ActionButtonModuleData.swift in Sources */,
				83BE0B912704A00D00366146 /* ViewController.swift in Sources */,
				83BE0BCD2705D01900366146 /* GenericBaseView.swift in Sources */,
				83BE0B8D2704A00D00366146 /* AppDelegate.swift in Sources */,
				83BE0BA52705982900366146 /* GenericButtonView.swift in Sources */,
				83BE0BA72705984200366146 /* MainButtonView.swift in Sources */,
				83BE0BB12705C03700366146 /* UIButton+Extension.swift in Sources */,
				83BE0BC62705CF8500366146 /* ActionButtonModule.swift in Sources */,
				83BE0B8F2704A00D00366146 /* SceneDelegate.swift in Sources */,
				83BE0BC02705CC9E00366146 /* PermissionViewController.swift in Sources */,
				83BE0BA32704A04100366146 /* ActionButton.swift in Sources */,
				83BE0BD42705D23F00366146 /* PermissionView.swift in Sources */,
				83BE0BC82705CF8D00366146 /* PermissionViewModule.swift in Sources */,
				83BE0BBE2705CA8F00366146 /* PermissionViewData.swift in Sources */,
				83BE0BAB27059A2F00366146 /* GenericProtocol.swift in Sources */,
				83BE0BCF2705D03800366146 /* BaseView.swift in Sources */,
			);
			runOnlyForDeploymentPostprocessing = 0;
		};
/* End PBXSourcesBuildPhase section */

/* Begin PBXVariantGroup section */
		83BE0B922704A00D00366146 /* Main.storyboard */ = {
			isa = PBXVariantGroup;
			children = (
				83BE0B932704A00D00366146 /* Base */,
			);
			name = Main.storyboard;
			sourceTree = "<group>";
		};
		83BE0B972704A01000366146 /* LaunchScreen.storyboard */ = {
			isa = PBXVariantGroup;
			children = (
				83BE0B982704A01000366146 /* Base */,
			);
			name = LaunchScreen.storyboard;
			sourceTree = "<group>";
		};
/* End PBXVariantGroup section */

/* Begin XCBuildConfiguration section */
		83BE0B9B2704A01000366146 /* Debug */ = {
			isa = XCBuildConfiguration;
			buildSettings = {
				ALWAYS_SEARCH_USER_PATHS = NO;
				CLANG_ANALYZER_NONNULL = YES;
				CLANG_ANALYZER_NUMBER_OBJECT_CONVERSION = YES_AGGRESSIVE;
				CLANG_CXX_LANGUAGE_STANDARD = "gnu++17";
				CLANG_CXX_LIBRARY = "libc++";
				CLANG_ENABLE_MODULES = YES;
				CLANG_ENABLE_OBJC_ARC = YES;
				CLANG_ENABLE_OBJC_WEAK = YES;
				CLANG_WARN_BLOCK_CAPTURE_AUTORELEASING = YES;
				CLANG_WARN_BOOL_CONVERSION = YES;
				CLANG_WARN_COMMA = YES;
				CLANG_WARN_CONSTANT_CONVERSION = YES;
				CLANG_WARN_DEPRECATED_OBJC_IMPLEMENTATIONS = YES;
				CLANG_WARN_DIRECT_OBJC_ISA_USAGE = YES_ERROR;
				CLANG_WARN_DOCUMENTATION_COMMENTS = YES;
				CLANG_WARN_EMPTY_BODY = YES;
				CLANG_WARN_ENUM_CONVERSION = YES;
				CLANG_WARN_INFINITE_RECURSION = YES;
				CLANG_WARN_INT_CONVERSION = YES;
				CLANG_WARN_NON_LITERAL_NULL_CONVERSION = YES;
				CLANG_WARN_OBJC_IMPLICIT_RETAIN_SELF = YES;
				CLANG_WARN_OBJC_LITERAL_CONVERSION = YES;
				CLANG_WARN_OBJC_ROOT_CLASS = YES_ERROR;
				CLANG_WARN_QUOTED_INCLUDE_IN_FRAMEWORK_HEADER = YES;
				CLANG_WARN_RANGE_LOOP_ANALYSIS = YES;
				CLANG_WARN_STRICT_PROTOTYPES = YES;
				CLANG_WARN_SUSPICIOUS_MOVE = YES;
				CLANG_WARN_UNGUARDED_AVAILABILITY = YES_AGGRESSIVE;
				CLANG_WARN_UNREACHABLE_CODE = YES;
				CLANG_WARN__DUPLICATE_METHOD_MATCH = YES;
				COPY_PHASE_STRIP = NO;
				DEBUG_INFORMATION_FORMAT = dwarf;
				ENABLE_STRICT_OBJC_MSGSEND = YES;
				ENABLE_TESTABILITY = YES;
				GCC_C_LANGUAGE_STANDARD = gnu11;
				GCC_DYNAMIC_NO_PIC = NO;
				GCC_NO_COMMON_BLOCKS = YES;
				GCC_OPTIMIZATION_LEVEL = 0;
				GCC_PREPROCESSOR_DEFINITIONS = (
					"DEBUG=1",
					"$(inherited)",
				);
				GCC_WARN_64_TO_32_BIT_CONVERSION = YES;
				GCC_WARN_ABOUT_RETURN_TYPE = YES_ERROR;
				GCC_WARN_UNDECLARED_SELECTOR = YES;
				GCC_WARN_UNINITIALIZED_AUTOS = YES_AGGRESSIVE;
				GCC_WARN_UNUSED_FUNCTION = YES;
				GCC_WARN_UNUSED_VARIABLE = YES;
				IPHONEOS_DEPLOYMENT_TARGET = 15.0;
				MTL_ENABLE_DEBUG_INFO = INCLUDE_SOURCE;
				MTL_FAST_MATH = YES;
				ONLY_ACTIVE_ARCH = YES;
				SDKROOT = iphoneos;
				SWIFT_ACTIVE_COMPILATION_CONDITIONS = DEBUG;
				SWIFT_OPTIMIZATION_LEVEL = "-Onone";
			};
			name = Debug;
		};
		83BE0B9C2704A01000366146 /* Release */ = {
			isa = XCBuildConfiguration;
			buildSettings = {
				ALWAYS_SEARCH_USER_PATHS = NO;
				CLANG_ANALYZER_NONNULL = YES;
				CLANG_ANALYZER_NUMBER_OBJECT_CONVERSION = YES_AGGRESSIVE;
				CLANG_CXX_LANGUAGE_STANDARD = "gnu++17";
				CLANG_CXX_LIBRARY = "libc++";
				CLANG_ENABLE_MODULES = YES;
				CLANG_ENABLE_OBJC_ARC = YES;
				CLANG_ENABLE_OBJC_WEAK = YES;
				CLANG_WARN_BLOCK_CAPTURE_AUTORELEASING = YES;
				CLANG_WARN_BOOL_CONVERSION = YES;
				CLANG_WARN_COMMA = YES;
				CLANG_WARN_CONSTANT_CONVERSION = YES;
				CLANG_WARN_DEPRECATED_OBJC_IMPLEMENTATIONS = YES;
				CLANG_WARN_DIRECT_OBJC_ISA_USAGE = YES_ERROR;
				CLANG_WARN_DOCUMENTATION_COMMENTS = YES;
				CLANG_WARN_EMPTY_BODY = YES;
				CLANG_WARN_ENUM_CONVERSION = YES;
				CLANG_WARN_INFINITE_RECURSION = YES;
				CLANG_WARN_INT_CONVERSION = YES;
				CLANG_WARN_NON_LITERAL_NULL_CONVERSION = YES;
				CLANG_WARN_OBJC_IMPLICIT_RETAIN_SELF = YES;
				CLANG_WARN_OBJC_LITERAL_CONVERSION = YES;
				CLANG_WARN_OBJC_ROOT_CLASS = YES_ERROR;
				CLANG_WARN_QUOTED_INCLUDE_IN_FRAMEWORK_HEADER = YES;
				CLANG_WARN_RANGE_LOOP_ANALYSIS = YES;
				CLANG_WARN_STRICT_PROTOTYPES = YES;
				CLANG_WARN_SUSPICIOUS_MOVE = YES;
				CLANG_WARN_UNGUARDED_AVAILABILITY = YES_AGGRESSIVE;
				CLANG_WARN_UNREACHABLE_CODE = YES;
				CLANG_WARN__DUPLICATE_METHOD_MATCH = YES;
				COPY_PHASE_STRIP = NO;
				DEBUG_INFORMATION_FORMAT = "dwarf-with-dsym";
				ENABLE_NS_ASSERTIONS = NO;
				ENABLE_STRICT_OBJC_MSGSEND = YES;
				GCC_C_LANGUAGE_STANDARD = gnu11;
				GCC_NO_COMMON_BLOCKS = YES;
				GCC_WARN_64_TO_32_BIT_CONVERSION = YES;
				GCC_WARN_ABOUT_RETURN_TYPE = YES_ERROR;
				GCC_WARN_UNDECLARED_SELECTOR = YES;
				GCC_WARN_UNINITIALIZED_AUTOS = YES_AGGRESSIVE;
				GCC_WARN_UNUSED_FUNCTION = YES;
				GCC_WARN_UNUSED_VARIABLE = YES;
				IPHONEOS_DEPLOYMENT_TARGET = 15.0;
				MTL_ENABLE_DEBUG_INFO = NO;
				MTL_FAST_MATH = YES;
				SDKROOT = iphoneos;
				SWIFT_COMPILATION_MODE = wholemodule;
				SWIFT_OPTIMIZATION_LEVEL = "-O";
				VALIDATE_PRODUCT = YES;
			};
			name = Release;
		};
		83BE0B9E2704A01000366146 /* Debug */ = {
			isa = XCBuildConfiguration;
			buildSettings = {
				ASSETCATALOG_COMPILER_APPICON_NAME = AppIcon;
				ASSETCATALOG_COMPILER_GLOBAL_ACCENT_COLOR_NAME = AccentColor;
				CODE_SIGN_STYLE = Automatic;
				CURRENT_PROJECT_VERSION = 1;
				DEVELOPMENT_TEAM = 579DA4NVH6;
				GENERATE_INFOPLIST_FILE = YES;
				INFOPLIST_FILE = permissionProjectLast/Info.plist;
				INFOPLIST_KEY_UIApplicationSupportsIndirectInputEvents = YES;
				INFOPLIST_KEY_UILaunchStoryboardName = LaunchScreen;
				INFOPLIST_KEY_UIMainStoryboardFile = Main;
				INFOPLIST_KEY_UISupportedInterfaceOrientations_iPad = "UIInterfaceOrientationPortrait UIInterfaceOrientationPortraitUpsideDown UIInterfaceOrientationLandscapeLeft UIInterfaceOrientationLandscapeRight";
				INFOPLIST_KEY_UISupportedInterfaceOrientations_iPhone = "UIInterfaceOrientationPortrait UIInterfaceOrientationLandscapeLeft UIInterfaceOrientationLandscapeRight";
				LD_RUNPATH_SEARCH_PATHS = (
					"$(inherited)",
					"@executable_path/Frameworks",
				);
				MARKETING_VERSION = 1.0;
				PRODUCT_BUNDLE_IDENTIFIER = com.project.permissionProjectLast;
				PRODUCT_NAME = "$(TARGET_NAME)";
				SWIFT_EMIT_LOC_STRINGS = YES;
				SWIFT_VERSION = 5.0;
				TARGETED_DEVICE_FAMILY = "1,2";
			};
			name = Debug;
		};
		83BE0B9F2704A01000366146 /* Release */ = {
			isa = XCBuildConfiguration;
			buildSettings = {
				ASSETCATALOG_COMPILER_APPICON_NAME = AppIcon;
				ASSETCATALOG_COMPILER_GLOBAL_ACCENT_COLOR_NAME = AccentColor;
				CODE_SIGN_STYLE = Automatic;
				CURRENT_PROJECT_VERSION = 1;
				DEVELOPMENT_TEAM = 579DA4NVH6;
				GENERATE_INFOPLIST_FILE = YES;
				INFOPLIST_FILE = permissionProjectLast/Info.plist;
				INFOPLIST_KEY_UIApplicationSupportsIndirectInputEvents = YES;
				INFOPLIST_KEY_UILaunchStoryboardName = LaunchScreen;
				INFOPLIST_KEY_UIMainStoryboardFile = Main;
				INFOPLIST_KEY_UISupportedInterfaceOrientations_iPad = "UIInterfaceOrientationPortrait UIInterfaceOrientationPortraitUpsideDown UIInterfaceOrientationLandscapeLeft UIInterfaceOrientationLandscapeRight";
				INFOPLIST_KEY_UISupportedInterfaceOrientations_iPhone = "UIInterfaceOrientationPortrait UIInterfaceOrientationLandscapeLeft UIInterfaceOrientationLandscapeRight";
				LD_RUNPATH_SEARCH_PATHS = (
					"$(inherited)",
					"@executable_path/Frameworks",
				);
				MARKETING_VERSION = 1.0;
				PRODUCT_BUNDLE_IDENTIFIER = com.project.permissionProjectLast;
				PRODUCT_NAME = "$(TARGET_NAME)";
				SWIFT_EMIT_LOC_STRINGS = YES;
				SWIFT_VERSION = 5.0;
				TARGETED_DEVICE_FAMILY = "1,2";
			};
			name = Release;
		};
/* End XCBuildConfiguration section */

/* Begin XCConfigurationList section */
		83BE0B842704A00D00366146 /* Build configuration list for PBXProject "permissionProjectLast" */ = {
			isa = XCConfigurationList;
			buildConfigurations = (
				83BE0B9B2704A01000366146 /* Debug */,
				83BE0B9C2704A01000366146 /* Release */,
			);
			defaultConfigurationIsVisible = 0;
			defaultConfigurationName = Release;
		};
		83BE0B9D2704A01000366146 /* Build configuration list for PBXNativeTarget "permissionProjectLast" */ = {
			isa = XCConfigurationList;
			buildConfigurations = (
				83BE0B9E2704A01000366146 /* Debug */,
				83BE0B9F2704A01000366146 /* Release */,
			);
			defaultConfigurationIsVisible = 0;
			defaultConfigurationName = Release;
		};
/* End XCConfigurationList section */
	};
	rootObject = 83BE0B812704A00D00366146 /* Project object */;
}
